// !$*UTF8*$!
{
	archiveVersion = 1;
	classes = {
	};
	objectVersion = 50;
	objects = {

/* Begin PBXFileReference section */
		6D9729722445005E00A3CE4A /* TensorFlow@-01-简明Python基础.py */ = {isa = PBXFileReference; lastKnownFileType = text.script.python; path = "TensorFlow@-01-简明Python基础.py"; sourceTree = "<group>"; };
		6D9729732445005E00A3CE4A /* 词频统计3x.py */ = {isa = PBXFileReference; lastKnownFileType = text.script.python; path = "词频统计3x.py"; sourceTree = "<group>"; };
		6D9729742445005E00A3CE4A /* 词频统计2x.py */ = {isa = PBXFileReference; lastKnownFileType = text.script.python; path = "词频统计2x.py"; sourceTree = "<group>"; };
		6D9729752445005E00A3CE4A /* 词频统计.ipynb */ = {isa = PBXFileReference; lastKnownFileType = text; path = "词频统计.ipynb"; sourceTree = "<group>"; };
		6D9729762445005E00A3CE4A /* TensorFlow@-01-简明Python基础.ipynb */ = {isa = PBXFileReference; lastKnownFileType = text; path = "TensorFlow@-01-简明Python基础.ipynb"; sourceTree = "<group>"; };
		6D9729772445005E00A3CE4A /* THE TRAGEDY OF ROMEO AND JULIET.txt */ = {isa = PBXFileReference; lastKnownFileType = text; path = "THE TRAGEDY OF ROMEO AND JULIET.txt"; sourceTree = "<group>"; };
		6D9729792445005E00A3CE4A /* png-3.png */ = {isa = PBXFileReference; lastKnownFileType = image.png; path = "png-3.png"; sourceTree = "<group>"; };
		6D97297A2445005E00A3CE4A /* png-2.png */ = {isa = PBXFileReference; lastKnownFileType = image.png; path = "png-2.png"; sourceTree = "<group>"; };
		6D97297B2445005E00A3CE4A /* png-1.png */ = {isa = PBXFileReference; lastKnownFileType = image.png; path = "png-1.png"; sourceTree = "<group>"; };
		6D97297C2445005E00A3CE4A /* png-4.png */ = {isa = PBXFileReference; lastKnownFileType = image.png; path = "png-4.png"; sourceTree = "<group>"; };
		6D97297D2445005E00A3CE4A /* TensorFlow@-2-TensorFlow基础.py */ = {isa = PBXFileReference; lastKnownFileType = text.script.python; path = "TensorFlow@-2-TensorFlow基础.py"; sourceTree = "<group>"; };
		6D97297E2445005E00A3CE4A /* TensorFlow@-2-TensorFlow基础.ipynb */ = {isa = PBXFileReference; lastKnownFileType = text; path = "TensorFlow@-2-TensorFlow基础.ipynb"; sourceTree = "<group>"; };
		6D9729802445005E00A3CE4A /* Tensorflow@-4-波士顿房价预测-Pure-Normalization-Loss-TensorBoard.ipynb */ = {isa = PBXFileReference; lastKnownFileType = text; path = "Tensorflow@-4-波士顿房价预测-Pure-Normalization-Loss-TensorBoard.ipynb"; sourceTree = "<group>"; };
		6D9729812445005E00A3CE4A /* 线性代数-矩阵运算.py */ = {isa = PBXFileReference; lastKnownFileType = text.script.python; path = "线性代数-矩阵运算.py"; sourceTree = "<group>"; };
		6D9729822445005E00A3CE4A /* Tensorflow@-4-波士顿房价预测-Pure.py */ = {isa = PBXFileReference; lastKnownFileType = text.script.python; path = "Tensorflow@-4-波士顿房价预测-Pure.py"; sourceTree = "<group>"; };
		6D9729832445005E00A3CE4A /* Tensorflow@-4-波士顿房价预测-Pure-Normalization-Loss.ipynb */ = {isa = PBXFileReference; lastKnownFileType = text; path = "Tensorflow@-4-波士顿房价预测-Pure-Normalization-Loss.ipynb"; sourceTree = "<group>"; };
		6D97298F2445005E00A3CE4A /* Tensorflow2.0@-4-波士顿房价预测-Pure-Normalization-Loss.ipynb */ = {isa = PBXFileReference; lastKnownFileType = text; path = "Tensorflow2.0@-4-波士顿房价预测-Pure-Normalization-Loss.ipynb"; sourceTree = "<group>"; };
		6D9729902445005E00A3CE4A /* HomeWork.ipynb */ = {isa = PBXFileReference; lastKnownFileType = text; path = HomeWork.ipynb; sourceTree = "<group>"; };
		6D9729912445005E00A3CE4A /* Tensorflow2.0@-4-波士顿房价预测-Pure-Normalization-Loss.py */ = {isa = PBXFileReference; lastKnownFileType = text.script.python; path = "Tensorflow2.0@-4-波士顿房价预测-Pure-Normalization-Loss.py"; sourceTree = "<group>"; };
		6D9729922445005E00A3CE4A /* 线性代数-矩阵运算.ipynb */ = {isa = PBXFileReference; lastKnownFileType = text; path = "线性代数-矩阵运算.ipynb"; sourceTree = "<group>"; };
		6D9729942445005E00A3CE4A /* MNIST手写数字识别：TensorFlow 2.0 实践.ipynb */ = {isa = PBXFileReference; lastKnownFileType = text; path = "MNIST手写数字识别：TensorFlow 2.0 实践.ipynb"; sourceTree = "<group>"; };
		6D9729952445005E00A3CE4A /* argmax函数.py */ = {isa = PBXFileReference; lastKnownFileType = text.script.python; path = "argmax函数.py"; sourceTree = "<group>"; };
		6D9729962445005E00A3CE4A /* Mnist.ipynb */ = {isa = PBXFileReference; lastKnownFileType = text; path = Mnist.ipynb; sourceTree = "<group>"; };
		6D9729972445005E00A3CE4A /* Tensorflow@-5-Mnist_DataSet_Introduce.ipynb */ = {isa = PBXFileReference; lastKnownFileType = text; path = "Tensorflow@-5-Mnist_DataSet_Introduce.ipynb"; sourceTree = "<group>"; };
		6D9729982445005E00A3CE4A /* Mnist_DataSet_Introduce.py */ = {isa = PBXFileReference; lastKnownFileType = text.script.python; path = Mnist_DataSet_Introduce.py; sourceTree = "<group>"; };
		6D9729992445005E00A3CE4A /* MNIST手写数字识别：TensorFlow 2.0 实践.py */ = {isa = PBXFileReference; lastKnownFileType = text.script.python; path = "MNIST手写数字识别：TensorFlow 2.0 实践.py"; sourceTree = "<group>"; };
		6D9729A12445005E00A3CE4A /* argmax函数.ipynb */ = {isa = PBXFileReference; lastKnownFileType = text; path = "argmax函数.ipynb"; sourceTree = "<group>"; };
		6D9729A22445005E00A3CE4A /* 作业4:MNIST手写数字识别问题的单神经元模型实践.ipynb */ = {isa = PBXFileReference; lastKnownFileType = text; path = "作业4:MNIST手写数字识别问题的单神经元模型实践.ipynb"; sourceTree = "<group>"; };
		6D9729A42445005E00A3CE4A /* 单隐藏层神经网络构建与应用.ipynb */ = {isa = PBXFileReference; lastKnownFileType = text; path = "单隐藏层神经网络构建与应用.ipynb"; sourceTree = "<group>"; };
		6D9729A52445005E00A3CE4A /* TF_MNIST_h256_TensorBoard.ipynb */ = {isa = PBXFileReference; lastKnownFileType = text; path = TF_MNIST_h256_TensorBoard.ipynb; sourceTree = "<group>"; };
		6D9729A62445005E00A3CE4A /* 模型重构_MNIST_H256_H64_V1.ipynb */ = {isa = PBXFileReference; lastKnownFileType = text; path = "模型重构_MNIST_H256_H64_V1.ipynb"; sourceTree = "<group>"; };
		6D9729A72445005E00A3CE4A /* TF_MNIST_多层神经网络与应用.ipynb */ = {isa = PBXFileReference; lastKnownFileType = text; path = "TF_MNIST_多层神经网络与应用.ipynb"; sourceTree = "<group>"; };
		6D9729A82445005E00A3CE4A /* Mnist - RestoreModel.ipynb */ = {isa = PBXFileReference; lastKnownFileType = text; path = "Mnist - RestoreModel.ipynb"; sourceTree = "<group>"; };
		6D9729A92445005E00A3CE4A /* 模型重构_MNIST_H256_H64_H32_V1.ipynb */ = {isa = PBXFileReference; lastKnownFileType = text; path = "模型重构_MNIST_H256_H64_H32_V1.ipynb"; sourceTree = "<group>"; };
		6D9729AA2445005E00A3CE4A /* SaveModel.py */ = {isa = PBXFileReference; lastKnownFileType = text.script.python; path = SaveModel.py; sourceTree = "<group>"; };
		6D9729AB2445005E00A3CE4A /* Mnist - SaveModel.ipynb */ = {isa = PBXFileReference; lastKnownFileType = text; path = "Mnist - SaveModel.ipynb"; sourceTree = "<group>"; };
		6D9729AC2445005E00A3CE4A /* 保存模型_MNIST_H256_SaveModel.ipynb */ = {isa = PBXFileReference; lastKnownFileType = text; path = "保存模型_MNIST_H256_SaveModel.ipynb"; sourceTree = "<group>"; };
		6D9729AD2445005E00A3CE4A /* RestoreModel.py */ = {isa = PBXFileReference; lastKnownFileType = text.script.python; path = RestoreModel.py; sourceTree = "<group>"; };
		6D9729AE2445005E00A3CE4A /* 作业5:MNIST手写数字识别问题的多层神经网络模型实践.ipynb */ = {isa = PBXFileReference; lastKnownFileType = text; path = "作业5:MNIST手写数字识别问题的多层神经网络模型实践.ipynb"; sourceTree = "<group>"; };
		6D9729AF2445005E00A3CE4A /* 还原模型_MNIST_H256_RestoreModel.ipynb */ = {isa = PBXFileReference; lastKnownFileType = text; path = "还原模型_MNIST_H256_RestoreModel.ipynb"; sourceTree = "<group>"; };
		6D9729B02445005E00A3CE4A /* 模型重构_MNIST_H256_V1.ipynb */ = {isa = PBXFileReference; lastKnownFileType = text; path = "模型重构_MNIST_H256_V1.ipynb"; sourceTree = "<group>"; };
		6D9729B12445005E00A3CE4A /* 初始化参数和文件目录.ipynb */ = {isa = PBXFileReference; lastKnownFileType = text; path = "初始化参数和文件目录.ipynb"; sourceTree = "<group>"; };
		6D9729B22445005E00A3CE4A /* MNIST_H256_H64_H32.ipynb */ = {isa = PBXFileReference; lastKnownFileType = text; path = MNIST_H256_H64_H32.ipynb; sourceTree = "<group>"; };
		6D9729B32445005E00A3CE4A /* MNIST_H256_H64.ipynb */ = {isa = PBXFileReference; lastKnownFileType = text; path = MNIST_H256_H64.ipynb; sourceTree = "<group>"; };
		6D9729B52445005E00A3CE4A /* Tensorflow2.0实现单变量线性回归.ipynb */ = {isa = PBXFileReference; lastKnownFileType = text; path = "Tensorflow2.0实现单变量线性回归.ipynb"; sourceTree = "<group>"; };
		6D9729B62445005E00A3CE4A /* TensorFlow@3单变量线性回归-显示Loss.py */ = {isa = PBXFileReference; lastKnownFileType = text.script.python; path = "TensorFlow@3单变量线性回归-显示Loss.py"; sourceTree = "<group>"; };
		6D9729B72445005E00A3CE4A /* TensorFlow@3单变量线性回归-显示Loss.ipynb */ = {isa = PBXFileReference; lastKnownFileType = text; path = "TensorFlow@3单变量线性回归-显示Loss.ipynb"; sourceTree = "<group>"; };
		6D9729B82445005E00A3CE4A /* Tensorflow2.0实现单变量线性回归.py */ = {isa = PBXFileReference; lastKnownFileType = text.script.python; path = "Tensorflow2.0实现单变量线性回归.py"; sourceTree = "<group>"; };
		6D9729C02445005E00A3CE4A /* TensorFlow@3单变量线性回归.ipynb */ = {isa = PBXFileReference; lastKnownFileType = text; path = "TensorFlow@3单变量线性回归.ipynb"; sourceTree = "<group>"; };
		6D9729C22445005E00A3CE4A /* 研究案例.ipynb */ = {isa = PBXFileReference; lastKnownFileType = text; path = "研究案例.ipynb"; sourceTree = "<group>"; };
		6D9729C32445005E00A3CE4A /* CNN_CIFAR10.ipynb */ = {isa = PBXFileReference; lastKnownFileType = text; path = CNN_CIFAR10.ipynb; sourceTree = "<group>"; };
		6D9729C42445005E00A3CE4A /* CNN_CIFAR10_RestorModel.ipynb */ = {isa = PBXFileReference; lastKnownFileType = text; path = CNN_CIFAR10_RestorModel.ipynb; sourceTree = "<group>"; };
		6D972A3C244501E800A3CE4A /* a.py */ = {isa = PBXFileReference; lastKnownFileType = text.script.python; path = a.py; sourceTree = "<group>"; };
		6D972A3D244501E800A3CE4A /* animal.py */ = {isa = PBXFileReference; lastKnownFileType = text.script.python; path = animal.py; sourceTree = "<group>"; };
		6D972A3E244501E800A3CE4A /* tf3_1.py */ = {isa = PBXFileReference; lastKnownFileType = text.script.python; path = tf3_1.py; sourceTree = "<group>"; };
		6D972A3F244501E800A3CE4A /* c.py */ = {isa = PBXFileReference; lastKnownFileType = text.script.python; path = c.py; sourceTree = "<group>"; };
		6D972A40244501E800A3CE4A /* b.py */ = {isa = PBXFileReference; lastKnownFileType = text.script.python; path = b.py; sourceTree = "<group>"; };
		6D972A41244501E800A3CE4A /* save.dat */ = {isa = PBXFileReference; lastKnownFileType = text; path = save.dat; sourceTree = "<group>"; };
		6D972A43244501E800A3CE4A /* mnist_backward.py */ = {isa = PBXFileReference; lastKnownFileType = text.script.python; path = mnist_backward.py; sourceTree = "<group>"; };
		6D972A44244501E800A3CE4A /* mnist_forward.py */ = {isa = PBXFileReference; lastKnownFileType = text.script.python; path = mnist_forward.py; sourceTree = "<group>"; };
		6D972A45244501E800A3CE4A /* mnist_test.py */ = {isa = PBXFileReference; lastKnownFileType = text.script.python; path = mnist_test.py; sourceTree = "<group>"; };
		6D972A47244501E800A3CE4A /* mnist_backward.py */ = {isa = PBXFileReference; lastKnownFileType = text.script.python; path = mnist_backward.py; sourceTree = "<group>"; };
		6D972A48244501E800A3CE4A /* mnist_forward.py */ = {isa = PBXFileReference; lastKnownFileType = text.script.python; path = mnist_forward.py; sourceTree = "<group>"; };
		6D972A4A244501E800A3CE4A /* 8.png */ = {isa = PBXFileReference; lastKnownFileType = image.png; path = 8.png; sourceTree = "<group>"; };
		6D972A4B244501E800A3CE4A /* 9.png */ = {isa = PBXFileReference; lastKnownFileType = image.png; path = 9.png; sourceTree = "<group>"; };
		6D972A4C244501E800A3CE4A /* 4.png */ = {isa = PBXFileReference; lastKnownFileType = image.png; path = 4.png; sourceTree = "<group>"; };
		6D972A4D244501E800A3CE4A /* 5.png */ = {isa = PBXFileReference; lastKnownFileType = image.png; path = 5.png; sourceTree = "<group>"; };
		6D972A4E244501E800A3CE4A /* 7.png */ = {isa = PBXFileReference; lastKnownFileType = image.png; path = 7.png; sourceTree = "<group>"; };
		6D972A4F244501E800A3CE4A /* 6.png */ = {isa = PBXFileReference; lastKnownFileType = image.png; path = 6.png; sourceTree = "<group>"; };
		6D972A50244501E800A3CE4A /* 2.png */ = {isa = PBXFileReference; lastKnownFileType = image.png; path = 2.png; sourceTree = "<group>"; };
		6D972A51244501E800A3CE4A /* 3.png */ = {isa = PBXFileReference; lastKnownFileType = image.png; path = 3.png; sourceTree = "<group>"; };
		6D972A52244501E800A3CE4A /* 1.png */ = {isa = PBXFileReference; lastKnownFileType = image.png; path = 1.png; sourceTree = "<group>"; };
		6D972A53244501E800A3CE4A /* 0.png */ = {isa = PBXFileReference; lastKnownFileType = image.png; path = 0.png; sourceTree = "<group>"; };
		6D972A54244501E800A3CE4A /* mnist_app.py */ = {isa = PBXFileReference; lastKnownFileType = text.script.python; path = mnist_app.py; sourceTree = "<group>"; };
		6D972A55244501E800A3CE4A /* mnist_test.py */ = {isa = PBXFileReference; lastKnownFileType = text.script.python; path = mnist_test.py; sourceTree = "<group>"; };
		6D972A57244501E800A3CE4A /* mnist_forward.py */ = {isa = PBXFileReference; lastKnownFileType = text.script.python; path = mnist_forward.py; sourceTree = "<group>"; };
		6D972A59244501E800A3CE4A /* 8.png */ = {isa = PBXFileReference; lastKnownFileType = image.png; path = 8.png; sourceTree = "<group>"; };
		6D972A5A244501E800A3CE4A /* 9.png */ = {isa = PBXFileReference; lastKnownFileType = image.png; path = 9.png; sourceTree = "<group>"; };
		6D972A5B244501E800A3CE4A /* 6 2.png */ = {isa = PBXFileReference; lastKnownFileType = image.png; path = "6 2.png"; sourceTree = "<group>"; };
		6D972A5C244501E800A3CE4A /* 4.png */ = {isa = PBXFileReference; lastKnownFileType = image.png; path = 4.png; sourceTree = "<group>"; };
		6D972A5D244501E800A3CE4A /* 7.png */ = {isa = PBXFileReference; lastKnownFileType = image.png; path = 7.png; sourceTree = "<group>"; };
		6D972A5E244501E800A3CE4A /* 6.png */ = {isa = PBXFileReference; lastKnownFileType = image.png; path = 6.png; sourceTree = "<group>"; };
		6D972A5F244501E800A3CE4A /* 2.png */ = {isa = PBXFileReference; lastKnownFileType = image.png; path = 2.png; sourceTree = "<group>"; };
		6D972A60244501E800A3CE4A /* 3.png */ = {isa = PBXFileReference; lastKnownFileType = image.png; path = 3.png; sourceTree = "<group>"; };
		6D972A61244501E800A3CE4A /* 1.png */ = {isa = PBXFileReference; lastKnownFileType = image.png; path = 1.png; sourceTree = "<group>"; };
		6D972A62244501E800A3CE4A /* 0.png */ = {isa = PBXFileReference; lastKnownFileType = image.png; path = 0.png; sourceTree = "<group>"; };
		6D972A63244501E800A3CE4A /* mnist_generateds.py */ = {isa = PBXFileReference; lastKnownFileType = text.script.python; path = mnist_generateds.py; sourceTree = "<group>"; };
		6D972A64244501E800A3CE4A /* mnist_test.py */ = {isa = PBXFileReference; lastKnownFileType = text.script.python; path = mnist_test.py; sourceTree = "<group>"; };
		6D972A66244501E800A3CE4A /* mnist_backward.py */ = {isa = PBXFileReference; lastKnownFileType = text.script.python; path = mnist_backward.py; sourceTree = "<group>"; };
		6D972A67244501E800A3CE4A /* mnist_forward.py */ = {isa = PBXFileReference; lastKnownFileType = text.script.python; path = mnist_forward.py; sourceTree = "<group>"; };
		6D972A68244501E800A3CE4A /* mnist_test.py */ = {isa = PBXFileReference; lastKnownFileType = text.script.python; path = mnist_test.py; sourceTree = "<group>"; };
		6D972A6A244501E800A3CE4A /* opt4_7.py */ = {isa = PBXFileReference; lastKnownFileType = text.script.python; path = opt4_7.py; sourceTree = "<group>"; };
		6D972A6B244501E800A3CE4A /* opt4_3.py */ = {isa = PBXFileReference; lastKnownFileType = text.script.python; path = opt4_3.py; sourceTree = "<group>"; };
		6D972A6C244501E800A3CE4A /* opt4_2.py */ = {isa = PBXFileReference; lastKnownFileType = text.script.python; path = opt4_2.py; sourceTree = "<group>"; };
		6D972A6D244501E800A3CE4A /* opt4_8_generateds.py */ = {isa = PBXFileReference; lastKnownFileType = text.script.python; path = opt4_8_generateds.py; sourceTree = "<group>"; };
		6D972A6E244501E800A3CE4A /* opt4_8_forward.py */ = {isa = PBXFileReference; lastKnownFileType = text.script.python; path = opt4_8_forward.py; sourceTree = "<group>"; };
		6D972A6F244501E800A3CE4A /* opt4_6.py */ = {isa = PBXFileReference; lastKnownFileType = text.script.python; path = opt4_6.py; sourceTree = "<group>"; };
		6D972A70244501E800A3CE4A /* opt4_1.py */ = {isa = PBXFileReference; lastKnownFileType = text.script.python; path = opt4_1.py; sourceTree = "<group>"; };
		6D972A71244501E800A3CE4A /* opt4_5.py */ = {isa = PBXFileReference; lastKnownFileType = text.script.python; path = opt4_5.py; sourceTree = "<group>"; };
		6D972A72244501E800A3CE4A /* opt4_4.py */ = {isa = PBXFileReference; lastKnownFileType = text.script.python; path = opt4_4.py; sourceTree = "<group>"; };
		6D972A73244501E800A3CE4A /* opt4_8_backward.py */ = {isa = PBXFileReference; lastKnownFileType = text.script.python; path = opt4_8_backward.py; sourceTree = "<group>"; };
		6D972A75244501E800A3CE4A /* tf3_4.py */ = {isa = PBXFileReference; lastKnownFileType = text.script.python; path = tf3_4.py; sourceTree = "<group>"; };
		6D972A76244501E800A3CE4A /* tf3_5.py */ = {isa = PBXFileReference; lastKnownFileType = text.script.python; path = tf3_5.py; sourceTree = "<group>"; };
		6D972A77244501E800A3CE4A /* tf3_1.py */ = {isa = PBXFileReference; lastKnownFileType = text.script.python; path = tf3_1.py; sourceTree = "<group>"; };
		6D972A78244501E800A3CE4A /* tf3_6.py */ = {isa = PBXFileReference; lastKnownFileType = text.script.python; path = tf3_6.py; sourceTree = "<group>"; };
		6D972A79244501E800A3CE4A /* tf3_2.py */ = {isa = PBXFileReference; lastKnownFileType = text.script.python; path = tf3_2.py; sourceTree = "<group>"; };
		6D972A7A244501E800A3CE4A /* tf3_3.py */ = {isa = PBXFileReference; lastKnownFileType = text.script.python; path = tf3_3.py; sourceTree = "<group>"; };
		6D972A7B244501E800A3CE4A /* tf3_4.ipynb */ = {isa = PBXFileReference; lastKnownFileType = text; path = tf3_4.ipynb; sourceTree = "<group>"; };
		6D972A7C244501E800A3CE4A /* tf3_3.ipynb */ = {isa = PBXFileReference; lastKnownFileType = text; path = tf3_3.ipynb; sourceTree = "<group>"; };
		6D972A7D244501E800A3CE4A /* tf3_5.ipynb */ = {isa = PBXFileReference; lastKnownFileType = text; path = tf3_5.ipynb; sourceTree = "<group>"; };
		6DC69F8A24342C170074269A /* main.py */ = {isa = PBXFileReference; lastKnownFileType = text.script.python; path = main.py; sourceTree = "<group>"; };
/* End PBXFileReference section */

/* Begin PBXGroup section */
		6D4B6D8324341ACF0059607C = {
			isa = PBXGroup;
			children = (
				6D972A3A244501E800A3CE4A /* TensorFlow笔记 */,
				6D9729702445005E00A3CE4A /* 深度学习应用开发 */,
				6DC69F8924342BFC0074269A /* WorkSpase */,
			);
			sourceTree = "<group>";
		};
		6D9729702445005E00A3CE4A /* 深度学习应用开发 */ = {
			isa = PBXGroup;
			children = (
				6D9729712445005E00A3CE4A /* 第03讲（根据基础选修） 工欲善其事必先利其器：简明Python基础 */,
				6D9729782445005E00A3CE4A /* 第04讲 磨刀不误砍柴工：TensorFlow 编程基础 */,
				6D9729B42445005E00A3CE4A /* 第05讲 单变量线性回归：TesnsorFlow实战 */,
				6D97297F2445005E00A3CE4A /* 第06讲 多元线性回归：波士顿房价预测问题TesnsorFlow实战 */,
				6D9729932445005E00A3CE4A /* 第07讲 MNIST手写数字识别：分类应用入门 */,
				6D9729A32445005E00A3CE4A /* 第08讲 MNIST手写数字识别进阶：多层神经网络与应用 */,
				6D9729C12445005E00A3CE4A /* 第09讲 图像识别问题：卷积神经网络与应用 */,
			);
			path = "深度学习应用开发";
			sourceTree = "<group>";
		};
		6D9729712445005E00A3CE4A /* 第03讲（根据基础选修） 工欲善其事必先利其器：简明Python基础 */ = {
			isa = PBXGroup;
			children = (
				6D9729722445005E00A3CE4A /* TensorFlow@-01-简明Python基础.py */,
				6D9729732445005E00A3CE4A /* 词频统计3x.py */,
				6D9729742445005E00A3CE4A /* 词频统计2x.py */,
				6D9729752445005E00A3CE4A /* 词频统计.ipynb */,
				6D9729762445005E00A3CE4A /* TensorFlow@-01-简明Python基础.ipynb */,
				6D9729772445005E00A3CE4A /* THE TRAGEDY OF ROMEO AND JULIET.txt */,
			);
			path = "第03讲（根据基础选修） 工欲善其事必先利其器：简明Python基础";
			sourceTree = "<group>";
		};
		6D9729782445005E00A3CE4A /* 第04讲 磨刀不误砍柴工：TensorFlow 编程基础 */ = {
			isa = PBXGroup;
			children = (
				6D9729792445005E00A3CE4A /* png-3.png */,
				6D97297A2445005E00A3CE4A /* png-2.png */,
				6D97297B2445005E00A3CE4A /* png-1.png */,
				6D97297C2445005E00A3CE4A /* png-4.png */,
				6D97297D2445005E00A3CE4A /* TensorFlow@-2-TensorFlow基础.py */,
				6D97297E2445005E00A3CE4A /* TensorFlow@-2-TensorFlow基础.ipynb */,
			);
			path = "第04讲 磨刀不误砍柴工：TensorFlow 编程基础";
			sourceTree = "<group>";
		};
		6D97297F2445005E00A3CE4A /* 第06讲 多元线性回归：波士顿房价预测问题TesnsorFlow实战 */ = {
			isa = PBXGroup;
			children = (
				6D9729802445005E00A3CE4A /* Tensorflow@-4-波士顿房价预测-Pure-Normalization-Loss-TensorBoard.ipynb */,
				6D9729812445005E00A3CE4A /* 线性代数-矩阵运算.py */,
				6D9729822445005E00A3CE4A /* Tensorflow@-4-波士顿房价预测-Pure.py */,
				6D9729832445005E00A3CE4A /* Tensorflow@-4-波士顿房价预测-Pure-Normalization-Loss.ipynb */,
				6D97298F2445005E00A3CE4A /* Tensorflow2.0@-4-波士顿房价预测-Pure-Normalization-Loss.ipynb */,
				6D9729902445005E00A3CE4A /* HomeWork.ipynb */,
				6D9729912445005E00A3CE4A /* Tensorflow2.0@-4-波士顿房价预测-Pure-Normalization-Loss.py */,
				6D9729922445005E00A3CE4A /* 线性代数-矩阵运算.ipynb */,
			);
			path = "第06讲 多元线性回归：波士顿房价预测问题TesnsorFlow实战";
			sourceTree = "<group>";
		};
		6D9729932445005E00A3CE4A /* 第07讲 MNIST手写数字识别：分类应用入门 */ = {
			isa = PBXGroup;
			children = (
				6D9729942445005E00A3CE4A /* MNIST手写数字识别：TensorFlow 2.0 实践.ipynb */,
				6D9729952445005E00A3CE4A /* argmax函数.py */,
				6D9729962445005E00A3CE4A /* Mnist.ipynb */,
				6D9729972445005E00A3CE4A /* Tensorflow@-5-Mnist_DataSet_Introduce.ipynb */,
				6D9729982445005E00A3CE4A /* Mnist_DataSet_Introduce.py */,
				6D9729992445005E00A3CE4A /* MNIST手写数字识别：TensorFlow 2.0 实践.py */,
				6D9729A12445005E00A3CE4A /* argmax函数.ipynb */,
				6D9729A22445005E00A3CE4A /* 作业4:MNIST手写数字识别问题的单神经元模型实践.ipynb */,
			);
			path = "第07讲 MNIST手写数字识别：分类应用入门";
			sourceTree = "<group>";
		};
		6D9729A32445005E00A3CE4A /* 第08讲 MNIST手写数字识别进阶：多层神经网络与应用 */ = {
			isa = PBXGroup;
			children = (
				6D9729AC2445005E00A3CE4A /* 保存模型_MNIST_H256_SaveModel.ipynb */,
				6D9729B12445005E00A3CE4A /* 初始化参数和文件目录.ipynb */,
				6D9729A42445005E00A3CE4A /* 单隐藏层神经网络构建与应用.ipynb */,
				6D9729AF2445005E00A3CE4A /* 还原模型_MNIST_H256_RestoreModel.ipynb */,
				6D9729A92445005E00A3CE4A /* 模型重构_MNIST_H256_H64_H32_V1.ipynb */,
				6D9729A62445005E00A3CE4A /* 模型重构_MNIST_H256_H64_V1.ipynb */,
				6D9729B02445005E00A3CE4A /* 模型重构_MNIST_H256_V1.ipynb */,
				6D9729AE2445005E00A3CE4A /* 作业5:MNIST手写数字识别问题的多层神经网络模型实践.ipynb */,
				6D9729A82445005E00A3CE4A /* Mnist - RestoreModel.ipynb */,
				6D9729AB2445005E00A3CE4A /* Mnist - SaveModel.ipynb */,
				6D9729B22445005E00A3CE4A /* MNIST_H256_H64_H32.ipynb */,
				6D9729B32445005E00A3CE4A /* MNIST_H256_H64.ipynb */,
				6D9729AD2445005E00A3CE4A /* RestoreModel.py */,
				6D9729AA2445005E00A3CE4A /* SaveModel.py */,
				6D9729A72445005E00A3CE4A /* TF_MNIST_多层神经网络与应用.ipynb */,
				6D9729A52445005E00A3CE4A /* TF_MNIST_h256_TensorBoard.ipynb */,
			);
			path = "第08讲 MNIST手写数字识别进阶：多层神经网络与应用";
			sourceTree = "<group>";
		};
		6D9729B42445005E00A3CE4A /* 第05讲 单变量线性回归：TesnsorFlow实战 */ = {
			isa = PBXGroup;
			children = (
				6D9729B52445005E00A3CE4A /* Tensorflow2.0实现单变量线性回归.ipynb */,
				6D9729B62445005E00A3CE4A /* TensorFlow@3单变量线性回归-显示Loss.py */,
				6D9729B72445005E00A3CE4A /* TensorFlow@3单变量线性回归-显示Loss.ipynb */,
				6D9729B82445005E00A3CE4A /* Tensorflow2.0实现单变量线性回归.py */,
				6D9729C02445005E00A3CE4A /* TensorFlow@3单变量线性回归.ipynb */,
			);
			path = "第05讲 单变量线性回归：TesnsorFlow实战";
			sourceTree = "<group>";
		};
		6D9729C12445005E00A3CE4A /* 第09讲 图像识别问题：卷积神经网络与应用 */ = {
			isa = PBXGroup;
			children = (
				6D9729C22445005E00A3CE4A /* 研究案例.ipynb */,
				6D9729C32445005E00A3CE4A /* CNN_CIFAR10.ipynb */,
				6D9729C42445005E00A3CE4A /* CNN_CIFAR10_RestorModel.ipynb */,
			);
			path = "第09讲 图像识别问题：卷积神经网络与应用";
			sourceTree = "<group>";
		};
		6D972A3A244501E800A3CE4A /* TensorFlow笔记 */ = {
			isa = PBXGroup;
			children = (
				6D972A3B244501E800A3CE4A /* python */,
				6D972A42244501E800A3CE4A /* fc1 */,
				6D972A46244501E800A3CE4A /* fc3 */,
				6D972A56244501E800A3CE4A /* fc4 */,
				6D972A65244501E800A3CE4A /* fc2 */,
				6D972A69244501E800A3CE4A /* opt */,
				6D972A74244501E800A3CE4A /* tf */,
			);
			path = "TensorFlow笔记";
			sourceTree = "<group>";
		};
		6D972A3B244501E800A3CE4A /* python */ = {
			isa = PBXGroup;
			children = (
				6D972A3C244501E800A3CE4A /* a.py */,
				6D972A3D244501E800A3CE4A /* animal.py */,
				6D972A3E244501E800A3CE4A /* tf3_1.py */,
				6D972A3F244501E800A3CE4A /* c.py */,
				6D972A40244501E800A3CE4A /* b.py */,
				6D972A41244501E800A3CE4A /* save.dat */,
			);
			path = python;
			sourceTree = "<group>";
		};
		6D972A42244501E800A3CE4A /* fc1 */ = {
			isa = PBXGroup;
			children = (
				6D972A43244501E800A3CE4A /* mnist_backward.py */,
				6D972A44244501E800A3CE4A /* mnist_forward.py */,
				6D972A45244501E800A3CE4A /* mnist_test.py */,
			);
			path = fc1;
			sourceTree = "<group>";
		};
		6D972A46244501E800A3CE4A /* fc3 */ = {
			isa = PBXGroup;
			children = (
				6D972A47244501E800A3CE4A /* mnist_backward.py */,
				6D972A48244501E800A3CE4A /* mnist_forward.py */,
				6D972A49244501E800A3CE4A /* pic */,
				6D972A54244501E800A3CE4A /* mnist_app.py */,
				6D972A55244501E800A3CE4A /* mnist_test.py */,
			);
			path = fc3;
			sourceTree = "<group>";
		};
		6D972A49244501E800A3CE4A /* pic */ = {
			isa = PBXGroup;
			children = (
				6D972A4A244501E800A3CE4A /* 8.png */,
				6D972A4B244501E800A3CE4A /* 9.png */,
				6D972A4C244501E800A3CE4A /* 4.png */,
				6D972A4D244501E800A3CE4A /* 5.png */,
				6D972A4E244501E800A3CE4A /* 7.png */,
				6D972A4F244501E800A3CE4A /* 6.png */,
				6D972A50244501E800A3CE4A /* 2.png */,
				6D972A51244501E800A3CE4A /* 3.png */,
				6D972A52244501E800A3CE4A /* 1.png */,
				6D972A53244501E800A3CE4A /* 0.png */,
			);
			path = pic;
			sourceTree = "<group>";
		};
		6D972A56244501E800A3CE4A /* fc4 */ = {
			isa = PBXGroup;
			children = (
				6D972A57244501E800A3CE4A /* mnist_forward.py */,
				6D972A58244501E800A3CE4A /* pic */,
				6D972A63244501E800A3CE4A /* mnist_generateds.py */,
				6D972A64244501E800A3CE4A /* mnist_test.py */,
			);
			path = fc4;
			sourceTree = "<group>";
		};
		6D972A58244501E800A3CE4A /* pic */ = {
			isa = PBXGroup;
			children = (
				6D972A59244501E800A3CE4A /* 8.png */,
				6D972A5A244501E800A3CE4A /* 9.png */,
				6D972A5B244501E800A3CE4A /* 6 2.png */,
				6D972A5C244501E800A3CE4A /* 4.png */,
				6D972A5D244501E800A3CE4A /* 7.png */,
				6D972A5E244501E800A3CE4A /* 6.png */,
				6D972A5F244501E800A3CE4A /* 2.png */,
				6D972A60244501E800A3CE4A /* 3.png */,
				6D972A61244501E800A3CE4A /* 1.png */,
				6D972A62244501E800A3CE4A /* 0.png */,
			);
			path = pic;
			sourceTree = "<group>";
		};
		6D972A65244501E800A3CE4A /* fc2 */ = {
			isa = PBXGroup;
			children = (
				6D972A66244501E800A3CE4A /* mnist_backward.py */,
				6D972A67244501E800A3CE4A /* mnist_forward.py */,
				6D972A68244501E800A3CE4A /* mnist_test.py */,
			);
			path = fc2;
			sourceTree = "<group>";
		};
		6D972A69244501E800A3CE4A /* opt */ = {
			isa = PBXGroup;
			children = (
				6D972A6A244501E800A3CE4A /* opt4_7.py */,
				6D972A6B244501E800A3CE4A /* opt4_3.py */,
				6D972A6C244501E800A3CE4A /* opt4_2.py */,
				6D972A6D244501E800A3CE4A /* opt4_8_generateds.py */,
				6D972A6E244501E800A3CE4A /* opt4_8_forward.py */,
				6D972A6F244501E800A3CE4A /* opt4_6.py */,
				6D972A70244501E800A3CE4A /* opt4_1.py */,
				6D972A71244501E800A3CE4A /* opt4_5.py */,
				6D972A72244501E800A3CE4A /* opt4_4.py */,
				6D972A73244501E800A3CE4A /* opt4_8_backward.py */,
			);
			path = opt;
			sourceTree = "<group>";
		};
		6D972A74244501E800A3CE4A /* tf */ = {
			isa = PBXGroup;
			children = (
				6D972A75244501E800A3CE4A /* tf3_4.py */,
				6D972A76244501E800A3CE4A /* tf3_5.py */,
				6D972A77244501E800A3CE4A /* tf3_1.py */,
				6D972A78244501E800A3CE4A /* tf3_6.py */,
				6D972A79244501E800A3CE4A /* tf3_2.py */,
				6D972A7A244501E800A3CE4A /* tf3_3.py */,
				6D972A7B244501E800A3CE4A /* tf3_4.ipynb */,
				6D972A7C244501E800A3CE4A /* tf3_3.ipynb */,
				6D972A7D244501E800A3CE4A /* tf3_5.ipynb */,
			);
			path = tf;
			sourceTree = "<group>";
		};
		6DC69F8924342BFC0074269A /* WorkSpase */ = {
			isa = PBXGroup;
			children = (
				6DC69F8A24342C170074269A /* main.py */,
			);
			path = WorkSpase;
			sourceTree = "<group>";
		};
/* End PBXGroup section */

/* Begin PBXProject section */
		6D4B6D8424341ACF0059607C /* Project object */ = {
			isa = PBXProject;
			attributes = {
				LastUpgradeCheck = 1140;
			};
			buildConfigurationList = 6D4B6D8724341ACF0059607C /* Build configuration list for PBXProject "TensorFlow" */;
			compatibilityVersion = "Xcode 9.3";
			developmentRegion = en;
			hasScannedForEncodings = 0;
			knownRegions = (
				en,
				Base,
			);
			mainGroup = 6D4B6D8324341ACF0059607C;
			projectDirPath = "";
			projectRoot = "";
			targets = (
			);
		};
/* End PBXProject section */

/* Begin XCBuildConfiguration section */
		6D4B6D8824341ACF0059607C /* Debug */ = {
			isa = XCBuildConfiguration;
			buildSettings = {
			};
			name = Debug;
		};
		6D4B6D8924341ACF0059607C /* Release */ = {
			isa = XCBuildConfiguration;
			buildSettings = {
			};
			name = Release;
		};
/* End XCBuildConfiguration section */

/* Begin XCConfigurationList section */
		6D4B6D8724341ACF0059607C /* Build configuration list for PBXProject "TensorFlow" */ = {
			isa = XCConfigurationList;
			buildConfigurations = (
				6D4B6D8824341ACF0059607C /* Debug */,
				6D4B6D8924341ACF0059607C /* Release */,
			);
			defaultConfigurationIsVisible = 0;
			defaultConfigurationName = Release;
		};
/* End XCConfigurationList section */
	};
	rootObject = 6D4B6D8424341ACF0059607C /* Project object */;
}
