// !$*UTF8*$!
{
	archiveVersion = 1;
	classes = {
	};
	objectVersion = 50;
	objects = {

/* Begin PBXFileReference section */
		6DC69F8A24342C170074269A /* main.py */ = {isa = PBXFileReference; lastKnownFileType = text.script.python; path = main.py; sourceTree = "<group>"; };
/* End PBXFileReference section */

/* Begin PBXGroup section */
		6D4B6D8324341ACF0059607C = {
			isa = PBXGroup;
			children = (
				6D97296C2444FFB200A3CE4A /* 深度学习应用开发 */,
				6DC69F8924342BFC0074269A /* WorkSpase */,
			);
			sourceTree = "<group>";
		};
		6D97296C2444FFB200A3CE4A /* 深度学习应用开发 */ = {
			isa = PBXGroup;
			children = (
				6D97296D2444FFB200A3CE4A /* 第06讲 多元线性回归：波士顿房价预测问题TesnsorFlow实战 */,
				6D97296E2444FFB200A3CE4A /* 第07讲 MNIST手写数字识别：分类应用入门 */,
				6D97296F2444FFB200A3CE4A /* 第08讲 MNIST手写数字识别进阶：多层神经网络与应用 */,
			);
			path = "深度学习应用开发";
			sourceTree = "<group>";
		};
		6D97296D2444FFB200A3CE4A /* 第06讲 多元线性回归：波士顿房价预测问题TesnsorFlow实战 */ = {
			isa = PBXGroup;
			children = (
			);
			path = "第06讲 多元线性回归：波士顿房价预测问题TesnsorFlow实战";
			sourceTree = "<group>";
		};
		6D97296E2444FFB200A3CE4A /* 第07讲 MNIST手写数字识别：分类应用入门 */ = {
			isa = PBXGroup;
			children = (
			);
			path = "第07讲 MNIST手写数字识别：分类应用入门";
			sourceTree = "<group>";
		};
		6D97296F2444FFB200A3CE4A /* 第08讲 MNIST手写数字识别进阶：多层神经网络与应用 */ = {
			isa = PBXGroup;
			children = (
			);
			path = "第08讲 MNIST手写数字识别进阶：多层神经网络与应用";
			sourceTree = "<group>";
		};
		6DC69F8924342BFC0074269A /* WorkSpase */ = {
			isa = PBXGroup;
			children = (
				6DC69F8A24342C170074269A /* main.py */,
			);
			path = WorkSpase;
			sourceTree = "<group>";
		};
/* End PBXGroup section */

/* Begin PBXProject section */
		6D4B6D8424341ACF0059607C /* Project object */ = {
			isa = PBXProject;
			attributes = {
				LastUpgradeCheck = 1140;
			};
			buildConfigurationList = 6D4B6D8724341ACF0059607C /* Build configuration list for PBXProject "TensorFlow" */;
			compatibilityVersion = "Xcode 9.3";
			developmentRegion = en;
			hasScannedForEncodings = 0;
			knownRegions = (
				en,
				Base,
			);
			mainGroup = 6D4B6D8324341ACF0059607C;
			projectDirPath = "";
			projectRoot = "";
			targets = (
			);
		};
/* End PBXProject section */

/* Begin XCBuildConfiguration section */
		6D4B6D8824341ACF0059607C /* Debug */ = {
			isa = XCBuildConfiguration;
			buildSettings = {
			};
			name = Debug;
		};
		6D4B6D8924341ACF0059607C /* Release */ = {
			isa = XCBuildConfiguration;
			buildSettings = {
			};
			name = Release;
		};
/* End XCBuildConfiguration section */

/* Begin XCConfigurationList section */
		6D4B6D8724341ACF0059607C /* Build configuration list for PBXProject "TensorFlow" */ = {
			isa = XCConfigurationList;
			buildConfigurations = (
				6D4B6D8824341ACF0059607C /* Debug */,
				6D4B6D8924341ACF0059607C /* Release */,
			);
			defaultConfigurationIsVisible = 0;
			defaultConfigurationName = Release;
		};
/* End XCConfigurationList section */
	};
	rootObject = 6D4B6D8424341ACF0059607C /* Project object */;
}
